
Microsoft Visual Studio Solution File, Format Version 12.00
# Visual Studio Version 16
VisualStudioVersion = 16.0.30621.155
MinimumVisualStudioVersion = 10.0.40219.1
Project("{FAE04EC0-301F-11D3-BF4B-00C04F79EFBC}") = "Test_Queue_And _Stack", "Test_Queue_And _Stack\Test_Queue_And _Stack.csproj", "{BBF4D05E-5EFF-4F71-B8FC-E0DCF608E685}"
EndProject
Global
	GlobalSection(SolutionConfigurationPlatforms) = preSolution
		Debug|Any CPU = Debug|Any CPU
		Release|Any CPU = Release|Any CPU
	EndGlobalSection
	GlobalSection(ProjectConfigurationPlatforms) = postSolution
		{BBF4D05E-5EFF-4F71-B8FC-E0DCF608E685}.Debug|Any CPU.ActiveCfg = Debug|Any CPU
		{BBF4D05E-5EFF-4F71-B8FC-E0DCF608E685}.Debug|Any CPU.Build.0 = Debug|Any CPU
		{BBF4D05E-5EFF-4F71-B8FC-E0DCF608E685}.Release|Any CPU.ActiveCfg = Release|Any CPU
		{BBF4D05E-5EFF-4F71-B8FC-E0DCF608E685}.Release|Any CPU.Build.0 = Release|Any CPU
	EndGlobalSection
	GlobalSection(SolutionProperties) = preSolution
		HideSolutionNode = FALSE
	EndGlobalSection
	GlobalSection(ExtensibilityGlobals) = postSolution
		SolutionGuid = {3C0BD16B-A8A0-43F2-A48F-50087E3C70B5}
	EndGlobalSection
EndGlobal
